
Microsoft Visual Studio Solution File, Format Version 12.00
# Visual Studio 15
VisualStudioVersion = 15.0.27428.2015
MinimumVisualStudioVersion = 10.0.40219.1
Project("{FAE04EC0-301F-11D3-BF4B-00C04F79EFBC}") = "Specification.Core", "Specification.Core\Specification.Core.csproj", "{B2F7FD88-F8FB-415F-8BDB-777900103132}"
EndProject
Global
	GlobalSection(SolutionConfigurationPlatforms) = preSolution
		Debug|Any CPU = Debug|Any CPU
		Release|Any CPU = Release|Any CPU
	EndGlobalSection
	GlobalSection(ProjectConfigurationPlatforms) = postSolution
		{B2F7FD88-F8FB-415F-8BDB-777900103132}.Debug|Any CPU.ActiveCfg = Debug|Any CPU
		{B2F7FD88-F8FB-415F-8BDB-777900103132}.Debug|Any CPU.Build.0 = Debug|Any CPU
		{B2F7FD88-F8FB-415F-8BDB-777900103132}.Release|Any CPU.ActiveCfg = Release|Any CPU
		{B2F7FD88-F8FB-415F-8BDB-777900103132}.Release|Any CPU.Build.0 = Release|Any CPU
	EndGlobalSection
	GlobalSection(SolutionProperties) = preSolution
		HideSolutionNode = FALSE
	EndGlobalSection
	GlobalSection(ExtensibilityGlobals) = postSolution
		SolutionGuid = {CBC91D8C-F3D3-485C-8557-95AD94B18296}
	EndGlobalSection
EndGlobal
